
Microsoft Visual Studio Solution File, Format Version 12.00
# Visual Studio Version 17
VisualStudioVersion = 17.5.33502.453
MinimumVisualStudioVersion = 10.0.40219.1
Project("{FAE04EC0-301F-11D3-BF4B-00C04F79EFBC}") = "BlogCore", "BlogCore\BlogCore.csproj", "{256E5A65-9C12-4A43-9BDC-D1D456BB637B}"
EndProject
Project("{FAE04EC0-301F-11D3-BF4B-00C04F79EFBC}") = "BlogCore.AccesoDatos", "BlogCore.AccesoDatos\BlogCore.AccesoDatos.csproj", "{89B14AF5-9EC0-420C-AF09-8E3B474C0D47}"
EndProject
Project("{FAE04EC0-301F-11D3-BF4B-00C04F79EFBC}") = "BlogCore.Models", "BlogCore.Models\BlogCore.Models.csproj", "{B244A7DA-E395-4386-BE4A-58AC67F41F72}"
EndProject
Project("{FAE04EC0-301F-11D3-BF4B-00C04F79EFBC}") = "BlogCore.Utilidades", "BlogCore.Utilidades\BlogCore.Utilidades.csproj", "{BE22030B-DDBE-442C-B807-60531EA4998E}"
EndProject
Global
	GlobalSection(SolutionConfigurationPlatforms) = preSolution
		Debug|Any CPU = Debug|Any CPU
		Release|Any CPU = Release|Any CPU
	EndGlobalSection
	GlobalSection(ProjectConfigurationPlatforms) = postSolution
		{256E5A65-9C12-4A43-9BDC-D1D456BB637B}.Debug|Any CPU.ActiveCfg = Debug|Any CPU
		{256E5A65-9C12-4A43-9BDC-D1D456BB637B}.Debug|Any CPU.Build.0 = Debug|Any CPU
		{256E5A65-9C12-4A43-9BDC-D1D456BB637B}.Release|Any CPU.ActiveCfg = Release|Any CPU
		{256E5A65-9C12-4A43-9BDC-D1D456BB637B}.Release|Any CPU.Build.0 = Release|Any CPU
		{89B14AF5-9EC0-420C-AF09-8E3B474C0D47}.Debug|Any CPU.ActiveCfg = Debug|Any CPU
		{89B14AF5-9EC0-420C-AF09-8E3B474C0D47}.Debug|Any CPU.Build.0 = Debug|Any CPU
		{89B14AF5-9EC0-420C-AF09-8E3B474C0D47}.Release|Any CPU.ActiveCfg = Release|Any CPU
		{89B14AF5-9EC0-420C-AF09-8E3B474C0D47}.Release|Any CPU.Build.0 = Release|Any CPU
		{B244A7DA-E395-4386-BE4A-58AC67F41F72}.Debug|Any CPU.ActiveCfg = Debug|Any CPU
		{B244A7DA-E395-4386-BE4A-58AC67F41F72}.Debug|Any CPU.Build.0 = Debug|Any CPU
		{B244A7DA-E395-4386-BE4A-58AC67F41F72}.Release|Any CPU.ActiveCfg = Release|Any CPU
		{B244A7DA-E395-4386-BE4A-58AC67F41F72}.Release|Any CPU.Build.0 = Release|Any CPU
		{BE22030B-DDBE-442C-B807-60531EA4998E}.Debug|Any CPU.ActiveCfg = Debug|Any CPU
		{BE22030B-DDBE-442C-B807-60531EA4998E}.Debug|Any CPU.Build.0 = Debug|Any CPU
		{BE22030B-DDBE-442C-B807-60531EA4998E}.Release|Any CPU.ActiveCfg = Release|Any CPU
		{BE22030B-DDBE-442C-B807-60531EA4998E}.Release|Any CPU.Build.0 = Release|Any CPU
	EndGlobalSection
	GlobalSection(SolutionProperties) = preSolution
		HideSolutionNode = FALSE
	EndGlobalSection
	GlobalSection(ExtensibilityGlobals) = postSolution
		SolutionGuid = {6A7652D8-F68D-4660-A47A-D3E72CFEC54E}
	EndGlobalSection
EndGlobal
