
Microsoft Visual Studio Solution File, Format Version 12.00
# Visual Studio Version 17
VisualStudioVersion = 17.12.35527.113 d17.12
MinimumVisualStudioVersion = 10.0.40219.1
Project("{FAE04EC0-301F-11D3-BF4B-00C04F79EFBC}") = "BlogCore", "BlogCore\BlogCore.csproj", "{CE5BB789-C81C-43E0-8090-9CAF636A91BF}"
EndProject
Project("{FAE04EC0-301F-11D3-BF4B-00C04F79EFBC}") = "BlogCore.AccesoDatos", "Blogcore.AccesoDatos\BlogCore.AccesoDatos.csproj", "{A35EDADB-F9E4-49E9-B61A-0794A6D99911}"
EndProject
Project("{FAE04EC0-301F-11D3-BF4B-00C04F79EFBC}") = "BlogCore.Models", "BlogCore.Models\BlogCore.Models.csproj", "{427256C6-4847-4A93-ADB1-3ADD9ED9B785}"
EndProject
Project("{FAE04EC0-301F-11D3-BF4B-00C04F79EFBC}") = "BlogCore.Utilidades", "BlogCore.Utilidades\BlogCore.Utilidades.csproj", "{53C57EB0-84AF-4A75-9528-EB9D3EE728DC}"
EndProject
Global
	GlobalSection(SolutionConfigurationPlatforms) = preSolution
		Debug|Any CPU = Debug|Any CPU
		Release|Any CPU = Release|Any CPU
	EndGlobalSection
	GlobalSection(ProjectConfigurationPlatforms) = postSolution
		{CE5BB789-C81C-43E0-8090-9CAF636A91BF}.Debug|Any CPU.ActiveCfg = Debug|Any CPU
		{CE5BB789-C81C-43E0-8090-9CAF636A91BF}.Debug|Any CPU.Build.0 = Debug|Any CPU
		{CE5BB789-C81C-43E0-8090-9CAF636A91BF}.Release|Any CPU.ActiveCfg = Release|Any CPU
		{CE5BB789-C81C-43E0-8090-9CAF636A91BF}.Release|Any CPU.Build.0 = Release|Any CPU
		{A35EDADB-F9E4-49E9-B61A-0794A6D99911}.Debug|Any CPU.ActiveCfg = Debug|Any CPU
		{A35EDADB-F9E4-49E9-B61A-0794A6D99911}.Debug|Any CPU.Build.0 = Debug|Any CPU
		{A35EDADB-F9E4-49E9-B61A-0794A6D99911}.Release|Any CPU.ActiveCfg = Release|Any CPU
		{A35EDADB-F9E4-49E9-B61A-0794A6D99911}.Release|Any CPU.Build.0 = Release|Any CPU
		{427256C6-4847-4A93-ADB1-3ADD9ED9B785}.Debug|Any CPU.ActiveCfg = Debug|Any CPU
		{427256C6-4847-4A93-ADB1-3ADD9ED9B785}.Debug|Any CPU.Build.0 = Debug|Any CPU
		{427256C6-4847-4A93-ADB1-3ADD9ED9B785}.Release|Any CPU.ActiveCfg = Release|Any CPU
		{427256C6-4847-4A93-ADB1-3ADD9ED9B785}.Release|Any CPU.Build.0 = Release|Any CPU
		{53C57EB0-84AF-4A75-9528-EB9D3EE728DC}.Debug|Any CPU.ActiveCfg = Debug|Any CPU
		{53C57EB0-84AF-4A75-9528-EB9D3EE728DC}.Debug|Any CPU.Build.0 = Debug|Any CPU
		{53C57EB0-84AF-4A75-9528-EB9D3EE728DC}.Release|Any CPU.ActiveCfg = Release|Any CPU
		{53C57EB0-84AF-4A75-9528-EB9D3EE728DC}.Release|Any CPU.Build.0 = Release|Any CPU
	EndGlobalSection
	GlobalSection(SolutionProperties) = preSolution
		HideSolutionNode = FALSE
	EndGlobalSection
EndGlobal
